{
    "doctrine/annotations": {
        "version": "1.14",
        "recipe": {
            "repo": "github.com/symfony/recipes",
            "branch": "main",
            "version": "1.10",
            "ref": "64d8583af5ea57b7afa4aba4b159907f3a148b05"
        }
    },
    "doctrine/doctrine-bundle": {
        "version": "1.12",
        "recipe": {
            "repo": "github.com/symfony/recipes",
            "branch": "main",
            "version": "1.12",
            "ref": "11962ad3f13015bd463235f5adffe8f70b848a42"
        },
        "files": [
            "config/packages/doctrine.yaml",
            "config/packages/prod/doctrine.yaml",
            "src/Entity/.gitignore",
            "src/Repository/.gitignore"
        ]
    },
    "doctrine/doctrine-cache-bundle": {
        "version": "1.4.0"
    },
    "phpunit/phpunit": {
        "version": "5.7",
        "recipe": {
            "repo": "github.com/symfony/recipes",
            "branch": "main",
            "version": "4.7",
            "ref": "db276258424d15e572d35a4eb834b8f815662b25"
        },
        "files": [
            ".env.test",
            "phpunit.xml.dist",
            "tests/bootstrap.php"
        ]
    },
    "sensio/framework-extra-bundle": {
        "version": "v3.0.27"
    },
    "symfony/flex": {
        "version": "1.21",
        "recipe": {
            "repo": "github.com/symfony/recipes",
            "branch": "main",
            "version": "1.0",
            "ref": "146251ae39e06a95be0fe3d13c807bcf3938b172"
        },
        "files": [
            ".env"
        ]
    },
    "symfony/phpunit-bridge": {
        "version": "3.4",
        "recipe": {
            "repo": "github.com/symfony/recipes",
            "branch": "main",
            "version": "3.3",
            "ref": "c7c88767e034f656bdb78407d5b0407e2f12f92b"
        },
        "files": [
            ".env.test",
            "bin/phpunit",
            "phpunit.xml.dist",
            "tests/bootstrap.php"
        ]
    },
    "symfony/swiftmailer-bundle": {
        "version": "v2.3.8"
    }
}
